PODS:
  - Alamofire (5.4.1)
  - Bond (7.8.1):
    - Differ (~> 1.4)
    - ReactiveKit (~> 3.14)
  - Differ (1.4.5)
  - ReactiveKit (3.17.4)
  - Realm (10.5.1):
    - Realm/Headers (= 10.5.1)
  - Realm/Headers (10.5.1)
  - RealmSwift (10.5.1):
    - Realm (= 10.5.1)
  - SDWebImage (5.10.3):
    - SDWebImage/Core (= 5.10.3)
  - SDWebImage/Core (5.10.3)
  - SimpleImageViewer (1.1.1)
  - SwiftLint (0.42.0)
  - Swinject (2.7.1)

DEPENDENCIES:
  - Alamofire
  - Bond
  - RealmSwift
  - SDWebImage (~> 5.0)
  - SimpleImageViewer (~> 1.1.1)
  - SwiftLint
  - Swinject

SPEC REPOS:
  trunk:
    - Alamofire
    - Bond
    - Differ
    - ReactiveKit
    - Realm
    - RealmSwift
    - SDWebImage
    - SimpleImageViewer
    - SwiftLint
    - Swinject

SPEC CHECKSUMS:
  Alamofire: 2291f7d21ca607c491dd17642e5d40fdcda0e65c
  Bond: 87075c7f20f37ea3e73dc7057fce839787bf46eb
  Differ: 3b6bd78e2b20cc795d9a86f7641d087524e4273e
  ReactiveKit: f9f9e079efa39312c597bf1508ef4810d111ce76
  Realm: 77fcb4e0b9f2963ea06f584749a0d7dc9cab95e1
  RealmSwift: 6abe6aa6cd8b70cc1a87afcb9232cabea74ff1ac
  SDWebImage: e378178472b735e84b007bfb55514c97948a0598
  SimpleImageViewer: 34c3a2cde2d9ac022146772cefc27fca14b0c8b1
  SwiftLint: 4fa9579c63416865179bc416f0a92d55f009600d
  Swinject: ddf78b8486dd9b71a667b852cad919ab4484478e

PODFILE CHECKSUM: 51ffa2c4ee852b6496accac70ff6eaa12b1b3028

COCOAPODS: 1.10.0
